
Microsoft Visual Studio Solution File, Format Version 12.00
# Visual Studio Version 17
VisualStudioVersion = 17.5.33424.131
MinimumVisualStudioVersion = 10.0.40219.1
Project("{FAE04EC0-301F-11D3-BF4B-00C04F79EFBC}") = "WebApplication10", "WebApplication10\WebApplication10.csproj", "{9D76B44A-1F45-4831-9057-C359B1815ECD}"
EndProject
Global
	GlobalSection(SolutionConfigurationPlatforms) = preSolution
		Debug|Any CPU = Debug|Any CPU
		Release|Any CPU = Release|Any CPU
	EndGlobalSection
	GlobalSection(ProjectConfigurationPlatforms) = postSolution
		{9D76B44A-1F45-4831-9057-C359B1815ECD}.Debug|Any CPU.ActiveCfg = Debug|Any CPU
		{9D76B44A-1F45-4831-9057-C359B1815ECD}.Debug|Any CPU.Build.0 = Debug|Any CPU
		{9D76B44A-1F45-4831-9057-C359B1815ECD}.Release|Any CPU.ActiveCfg = Release|Any CPU
		{9D76B44A-1F45-4831-9057-C359B1815ECD}.Release|Any CPU.Build.0 = Release|Any CPU
	EndGlobalSection
	GlobalSection(SolutionProperties) = preSolution
		HideSolutionNode = FALSE
	EndGlobalSection
	GlobalSection(ExtensibilityGlobals) = postSolution
		SolutionGuid = {648B536B-ED5B-497A-A0BE-032624D4B812}
	EndGlobalSection
EndGlobal
